PODS:
  - AFNetworking (3.2.0):
    - AFNetworking/NSURLSession (= 3.2.0)
    - AFNetworking/Reachability (= 3.2.0)
    - AFNetworking/Security (= 3.2.0)
    - AFNetworking/Serialization (= 3.2.0)
    - AFNetworking/UIKit (= 3.2.0)
  - AFNetworking/NSURLSession (3.2.0):
    - AFNetworking/Reachability
    - AFNetworking/Security
    - AFNetworking/Serialization
  - AFNetworking/Reachability (3.2.0)
  - AFNetworking/Security (3.2.0)
  - AFNetworking/Serialization (3.2.0)
  - AFNetworking/UIKit (3.2.0):
    - AFNetworking/NSURLSession
  - MQTTClient (0.13.0):
    - MQTTClient/Core (= 0.13.0)
  - MQTTClient/Core (0.13.0):
    - MQTTClient/Manager
    - MQTTClient/Min
  - MQTTClient/Manager (0.13.0):
    - MQTTClient/Min
  - MQTTClient/Min (0.13.0)
  - SVProgressHUD (2.2.2)

DEPENDENCIES:
  - AFNetworking
  - MQTTClient
  - SVProgressHUD

SPEC CHECKSUMS:
  AFNetworking: 8ac6017b94ea105479f7776e5288e48ae9c59bb4
  MQTTClient: aced164e080fb139daa98fc745d01da279e55945
  SVProgressHUD: 59b2d3dabacbd051576d21d32293ca7228dc18b0

PODFILE CHECKSUM: 49625852f705d802e362161ece4a78f0c31c516d

COCOAPODS: 1.2.1
